
Microsoft Visual Studio Solution File, Format Version 12.00
# Visual Studio Version 16
VisualStudioVersion = 16.0.30225.117
MinimumVisualStudioVersion = 10.0.40219.1
Project("{FAE04EC0-301F-11D3-BF4B-00C04F79EFBC}") = "Windows Media Player", "Windows Media Player.csproj", "{7B0EF9B7-8B61-4256-8A53-AD5C3C0988CE}"
EndProject
Global
	GlobalSection(SolutionConfigurationPlatforms) = preSolution
		Debug|Any CPU = Debug|Any CPU
		Release|Any CPU = Release|Any CPU
	EndGlobalSection
	GlobalSection(ProjectConfigurationPlatforms) = postSolution
		{7B0EF9B7-8B61-4256-8A53-AD5C3C0988CE}.Debug|Any CPU.ActiveCfg = Debug|Any CPU
		{7B0EF9B7-8B61-4256-8A53-AD5C3C0988CE}.Debug|Any CPU.Build.0 = Debug|Any CPU
		{7B0EF9B7-8B61-4256-8A53-AD5C3C0988CE}.Release|Any CPU.ActiveCfg = Release|Any CPU
		{7B0EF9B7-8B61-4256-8A53-AD5C3C0988CE}.Release|Any CPU.Build.0 = Release|Any CPU
	EndGlobalSection
	GlobalSection(SolutionProperties) = preSolution
		HideSolutionNode = FALSE
	EndGlobalSection
	GlobalSection(ExtensibilityGlobals) = postSolution
		SolutionGuid = {D1D53A77-1EDB-4813-BF43-2D70265816E4}
	EndGlobalSection
EndGlobal
